
Microsoft Visual Studio Solution File, Format Version 12.00
# Visual Studio Version 17
VisualStudioVersion = 17.13.35931.197
MinimumVisualStudioVersion = 10.0.40219.1
Project("{FAE04EC0-301F-11D3-BF4B-00C04F79EFBC}") = "RecipePlatform.DAL", "RecipePlatform.DAL\RecipePlatform.DAL.csproj", "{104FF502-BBFF-4760-AAEB-EC49AED0010C}"
EndProject
Project("{FAE04EC0-301F-11D3-BF4B-00C04F79EFBC}") = "RecipePlatform.BLL", "RecipePlatform.BLL\RecipePlatform.BLL.csproj", "{F670E333-DFFB-4B8D-9A77-A3AF20A659E2}"
EndProject
Project("{FAE04EC0-301F-11D3-BF4B-00C04F79EFBC}") = "RecipePlatform.Models", "RecipePlatform.Models\RecipePlatform.Models.csproj", "{84597673-3E54-4388-91E0-8BAAA096540A}"
EndProject
Project("{FAE04EC0-301F-11D3-BF4B-00C04F79EFBC}") = "RecipePlatform.API", "RecipePlatform.API\RecipePlatform.API.csproj", "{1041A064-3365-4B36-96C1-0B4DC1103A7E}"
EndProject
Project("{FAE04EC0-301F-11D3-BF4B-00C04F79EFBC}") = "RecipePlatform.MVC", "RecipePlatform.MVC\RecipePlatform.MVC.csproj", "{70AE277D-A213-4CFC-BC2A-168D0F1C825F}"
EndProject
Global
	GlobalSection(SolutionConfigurationPlatforms) = preSolution
		Debug|Any CPU = Debug|Any CPU
		Release|Any CPU = Release|Any CPU
	EndGlobalSection
	GlobalSection(ProjectConfigurationPlatforms) = postSolution
		{104FF502-BBFF-4760-AAEB-EC49AED0010C}.Debug|Any CPU.ActiveCfg = Debug|Any CPU
		{104FF502-BBFF-4760-AAEB-EC49AED0010C}.Debug|Any CPU.Build.0 = Debug|Any CPU
		{104FF502-BBFF-4760-AAEB-EC49AED0010C}.Release|Any CPU.ActiveCfg = Release|Any CPU
		{104FF502-BBFF-4760-AAEB-EC49AED0010C}.Release|Any CPU.Build.0 = Release|Any CPU
		{F670E333-DFFB-4B8D-9A77-A3AF20A659E2}.Debug|Any CPU.ActiveCfg = Debug|Any CPU
		{F670E333-DFFB-4B8D-9A77-A3AF20A659E2}.Debug|Any CPU.Build.0 = Debug|Any CPU
		{F670E333-DFFB-4B8D-9A77-A3AF20A659E2}.Release|Any CPU.ActiveCfg = Release|Any CPU
		{F670E333-DFFB-4B8D-9A77-A3AF20A659E2}.Release|Any CPU.Build.0 = Release|Any CPU
		{84597673-3E54-4388-91E0-8BAAA096540A}.Debug|Any CPU.ActiveCfg = Debug|Any CPU
		{84597673-3E54-4388-91E0-8BAAA096540A}.Debug|Any CPU.Build.0 = Debug|Any CPU
		{84597673-3E54-4388-91E0-8BAAA096540A}.Release|Any CPU.ActiveCfg = Release|Any CPU
		{84597673-3E54-4388-91E0-8BAAA096540A}.Release|Any CPU.Build.0 = Release|Any CPU
		{1041A064-3365-4B36-96C1-0B4DC1103A7E}.Debug|Any CPU.ActiveCfg = Debug|Any CPU
		{1041A064-3365-4B36-96C1-0B4DC1103A7E}.Debug|Any CPU.Build.0 = Debug|Any CPU
		{1041A064-3365-4B36-96C1-0B4DC1103A7E}.Release|Any CPU.ActiveCfg = Release|Any CPU
		{1041A064-3365-4B36-96C1-0B4DC1103A7E}.Release|Any CPU.Build.0 = Release|Any CPU
		{70AE277D-A213-4CFC-BC2A-168D0F1C825F}.Debug|Any CPU.ActiveCfg = Debug|Any CPU
		{70AE277D-A213-4CFC-BC2A-168D0F1C825F}.Debug|Any CPU.Build.0 = Debug|Any CPU
		{70AE277D-A213-4CFC-BC2A-168D0F1C825F}.Release|Any CPU.ActiveCfg = Release|Any CPU
		{70AE277D-A213-4CFC-BC2A-168D0F1C825F}.Release|Any CPU.Build.0 = Release|Any CPU
	EndGlobalSection
	GlobalSection(SolutionProperties) = preSolution
		HideSolutionNode = FALSE
	EndGlobalSection
	GlobalSection(ExtensibilityGlobals) = postSolution
		SolutionGuid = {7B03E94C-3062-47B4-A59C-207A0B0807DD}
	EndGlobalSection
EndGlobal
